
Microsoft Visual Studio Solution File, Format Version 12.00
Project("{FAE04EC0-301F-11D3-BF4B-00C04F79EFBC}") = "TaskTracker", "TaskTracker\TaskTracker.csproj", "{4A4D22CC-65E6-439C-B47F-5D1F340F799F}"
EndProject
Global
	GlobalSection(SolutionConfigurationPlatforms) = preSolution
		Debug|Any CPU = Debug|Any CPU
		Release|Any CPU = Release|Any CPU
	EndGlobalSection
	GlobalSection(ProjectConfigurationPlatforms) = postSolution
		{4A4D22CC-65E6-439C-B47F-5D1F340F799F}.Debug|Any CPU.ActiveCfg = Debug|Any CPU
		{4A4D22CC-65E6-439C-B47F-5D1F340F799F}.Debug|Any CPU.Build.0 = Debug|Any CPU
		{4A4D22CC-65E6-439C-B47F-5D1F340F799F}.Release|Any CPU.ActiveCfg = Release|Any CPU
		{4A4D22CC-65E6-439C-B47F-5D1F340F799F}.Release|Any CPU.Build.0 = Release|Any CPU
	EndGlobalSection
EndGlobal
